
Microsoft Visual Studio Solution File, Format Version 12.00
# Visual Studio Version 17
VisualStudioVersion = 17.14.36429.23 d17.14
MinimumVisualStudioVersion = 10.0.40219.1
Project("{FAE04EC0-301F-11D3-BF4B-00C04F79EFBC}") = "OopProjectPartB", "OopProjectPartB\OopProjectPartB.csproj", "{B31B8D6C-CFA1-4935-87D7-C8FFBB8B99C9}"
EndProject
Project("{FAE04EC0-301F-11D3-BF4B-00C04F79EFBC}") = "OopProjectPartB.Core", "OopProjectPartB.Core\OopProjectPartB.Core.csproj", "{A979752E-5EB5-4821-A975-075BF6AD6E06}"
EndProject
Project("{FAE04EC0-301F-11D3-BF4B-00C04F79EFBC}") = "OopProjectPartB.Tests", "OopProjectPartB.Tests\OopProjectPartB.Tests.csproj", "{445B5044-1122-4143-9455-757894C16D6C}"
EndProject
Global
	GlobalSection(SolutionConfigurationPlatforms) = preSolution
		Debug|Any CPU = Debug|Any CPU
		Release|Any CPU = Release|Any CPU
	EndGlobalSection
	GlobalSection(ProjectConfigurationPlatforms) = postSolution
		{B31B8D6C-CFA1-4935-87D7-C8FFBB8B99C9}.Debug|Any CPU.ActiveCfg = Debug|Any CPU
		{B31B8D6C-CFA1-4935-87D7-C8FFBB8B99C9}.Debug|Any CPU.Build.0 = Debug|Any CPU
		{B31B8D6C-CFA1-4935-87D7-C8FFBB8B99C9}.Release|Any CPU.ActiveCfg = Release|Any CPU
		{B31B8D6C-CFA1-4935-87D7-C8FFBB8B99C9}.Release|Any CPU.Build.0 = Release|Any CPU
		{A979752E-5EB5-4821-A975-075BF6AD6E06}.Debug|Any CPU.ActiveCfg = Debug|Any CPU
		{A979752E-5EB5-4821-A975-075BF6AD6E06}.Debug|Any CPU.Build.0 = Debug|Any CPU
		{A979752E-5EB5-4821-A975-075BF6AD6E06}.Release|Any CPU.ActiveCfg = Release|Any CPU
		{A979752E-5EB5-4821-A975-075BF6AD6E06}.Release|Any CPU.Build.0 = Release|Any CPU
		{445B5044-1122-4143-9455-757894C16D6C}.Debug|Any CPU.ActiveCfg = Debug|Any CPU
		{445B5044-1122-4143-9455-757894C16D6C}.Debug|Any CPU.Build.0 = Debug|Any CPU
		{445B5044-1122-4143-9455-757894C16D6C}.Release|Any CPU.ActiveCfg = Release|Any CPU
		{445B5044-1122-4143-9455-757894C16D6C}.Release|Any CPU.Build.0 = Release|Any CPU
	EndGlobalSection
	GlobalSection(SolutionProperties) = preSolution
		HideSolutionNode = FALSE
	EndGlobalSection
	GlobalSection(ExtensibilityGlobals) = postSolution
		SolutionGuid = {7385ABA8-5351-4794-86E8-D8A052340E2F}
	EndGlobalSection
EndGlobal
